
Microsoft Visual Studio Solution File, Format Version 12.00
# Visual Studio Version 17
VisualStudioVersion = 17.7.34031.279
MinimumVisualStudioVersion = 10.0.40219.1
Project("{9A19103F-16F7-4668-BE54-9A1E7A4F7556}") = "Travelist", "Travelist\Travelist.csproj", "{67021A6C-FAF8-4DAF-BE56-639B5A74D170}"
EndProject
Project("{2150E333-8FDC-42A3-9474-1A3956D46DE8}") = "Solution Items", "Solution Items", "{E48C70CA-5DCC-4FF5-8A33-0A3D5BC6E108}"
	ProjectSection(SolutionItems) = preProject
		.gitignore = .gitignore
		README.md = README.md
	EndProjectSection
EndProject
Global
	GlobalSection(SolutionConfigurationPlatforms) = preSolution
		Debug|Any CPU = Debug|Any CPU
		Release|Any CPU = Release|Any CPU
	EndGlobalSection
	GlobalSection(ProjectConfigurationPlatforms) = postSolution
		{67021A6C-FAF8-4DAF-BE56-639B5A74D170}.Debug|Any CPU.ActiveCfg = Debug|Any CPU
		{67021A6C-FAF8-4DAF-BE56-639B5A74D170}.Debug|Any CPU.Build.0 = Debug|Any CPU
		{67021A6C-FAF8-4DAF-BE56-639B5A74D170}.Release|Any CPU.ActiveCfg = Release|Any CPU
		{67021A6C-FAF8-4DAF-BE56-639B5A74D170}.Release|Any CPU.Build.0 = Release|Any CPU
	EndGlobalSection
	GlobalSection(SolutionProperties) = preSolution
		HideSolutionNode = FALSE
	EndGlobalSection
	GlobalSection(ExtensibilityGlobals) = postSolution
		SolutionGuid = {FBC73B4A-D778-4FD0-9EA5-10AD5F99AD37}
	EndGlobalSection
EndGlobal
